
Microsoft Visual Studio Solution File, Format Version 12.00
# Visual Studio 14
VisualStudioVersion = 14.0.25420.1
MinimumVisualStudioVersion = 10.0.40219.1
Project("{F184B08F-C81C-45F6-A57F-5ABD9991F28F}") = "NullDC BEAR", "NullDC CvS2 BEAR\NullDC BEAR.vbproj", "{1FEA19E8-593D-4D10-A766-27A9F14D0265}"
EndProject
Project("{2150E333-8FDC-42A3-9474-1A3956D46DE8}") = "Solution Items", "Solution Items", "{E60E6AB3-043F-4D3D-AB78-C68B81C5E158}"
EndProject
Project("{F184B08F-C81C-45F6-A57F-5ABD9991F28F}") = "NullDC-BEAR-UPDATER", "NullDC-BEAR-UPDATER\NullDC-BEAR-UPDATER.vbproj", "{D0ADE9C7-B28E-4248-B5E8-344A41DC0DDA}"
EndProject
Project("{F184B08F-C81C-45F6-A57F-5ABD9991F28F}") = "NullDC BEAR Launcher", "NullDC BEAR Launcher\NullDC BEAR Launcher.vbproj", "{7FD5666F-1604-4053-A9D5-654FEEDADD96}"
EndProject
Global
	GlobalSection(SolutionConfigurationPlatforms) = preSolution
		Debug|x86 = Debug|x86
		Release|x86 = Release|x86
	EndGlobalSection
	GlobalSection(ProjectConfigurationPlatforms) = postSolution
		{1FEA19E8-593D-4D10-A766-27A9F14D0265}.Debug|x86.ActiveCfg = Debug|x86
		{1FEA19E8-593D-4D10-A766-27A9F14D0265}.Debug|x86.Build.0 = Debug|x86
		{1FEA19E8-593D-4D10-A766-27A9F14D0265}.Release|x86.ActiveCfg = Release|x86
		{1FEA19E8-593D-4D10-A766-27A9F14D0265}.Release|x86.Build.0 = Release|x86
		{D0ADE9C7-B28E-4248-B5E8-344A41DC0DDA}.Debug|x86.ActiveCfg = Debug|x86
		{D0ADE9C7-B28E-4248-B5E8-344A41DC0DDA}.Debug|x86.Build.0 = Debug|x86
		{D0ADE9C7-B28E-4248-B5E8-344A41DC0DDA}.Release|x86.ActiveCfg = Release|x86
		{D0ADE9C7-B28E-4248-B5E8-344A41DC0DDA}.Release|x86.Build.0 = Release|x86
		{7FD5666F-1604-4053-A9D5-654FEEDADD96}.Debug|x86.ActiveCfg = Debug|x86
		{7FD5666F-1604-4053-A9D5-654FEEDADD96}.Debug|x86.Build.0 = Debug|x86
		{7FD5666F-1604-4053-A9D5-654FEEDADD96}.Release|x86.ActiveCfg = Release|x86
		{7FD5666F-1604-4053-A9D5-654FEEDADD96}.Release|x86.Build.0 = Release|x86
	EndGlobalSection
	GlobalSection(SolutionProperties) = preSolution
		HideSolutionNode = FALSE
	EndGlobalSection
EndGlobal
